
Microsoft Visual Studio Solution File, Format Version 12.00
# Visual Studio Version 17
VisualStudioVersion = 17.9.34714.143
MinimumVisualStudioVersion = 10.0.40219.1
Project("{FAE04EC0-301F-11D3-BF4B-00C04F79EFBC}") = "DBMSlab1", "DBMSlab1\DBMSlab1.csproj", "{1A4512E9-848F-4875-B984-44ED354ABCB8}"
EndProject
Global
	GlobalSection(SolutionConfigurationPlatforms) = preSolution
		Debug|Any CPU = Debug|Any CPU
		Release|Any CPU = Release|Any CPU
	EndGlobalSection
	GlobalSection(ProjectConfigurationPlatforms) = postSolution
		{1A4512E9-848F-4875-B984-44ED354ABCB8}.Debug|Any CPU.ActiveCfg = Debug|Any CPU
		{1A4512E9-848F-4875-B984-44ED354ABCB8}.Debug|Any CPU.Build.0 = Debug|Any CPU
		{1A4512E9-848F-4875-B984-44ED354ABCB8}.Release|Any CPU.ActiveCfg = Release|Any CPU
		{1A4512E9-848F-4875-B984-44ED354ABCB8}.Release|Any CPU.Build.0 = Release|Any CPU
	EndGlobalSection
	GlobalSection(SolutionProperties) = preSolution
		HideSolutionNode = FALSE
	EndGlobalSection
	GlobalSection(ExtensibilityGlobals) = postSolution
		SolutionGuid = {0207A747-7508-4BCE-BB5A-64DB381F3CF7}
	EndGlobalSection
EndGlobal
